Microsoft Visual Studio Solution File, Format Version 12.00
# Visual Studio Version 17
VisualStudioVersion = 17.5.2.0
MinimumVisualStudioVersion = 10.0.40219.1
Project("{FAE04EC0-301F-11D3-BF4B-00C04F79EFBC}") = "MediaStoreApi", "MediaStoreApi.csproj", "{96893E20-9B88-36C6-72A0-81F851BD4C2D}"
EndProject
Global
	GlobalSection(SolutionConfigurationPlatforms) = preSolution
		Debug|Any CPU = Debug|Any CPU
		Release|Any CPU = Release|Any CPU
	EndGlobalSection
	GlobalSection(ProjectConfigurationPlatforms) = postSolution
		{96893E20-9B88-36C6-72A0-81F851BD4C2D}.Debug|Any CPU.ActiveCfg = Debug|Any CPU
		{96893E20-9B88-36C6-72A0-81F851BD4C2D}.Debug|Any CPU.Build.0 = Debug|Any CPU
		{96893E20-9B88-36C6-72A0-81F851BD4C2D}.Release|Any CPU.ActiveCfg = Release|Any CPU
		{96893E20-9B88-36C6-72A0-81F851BD4C2D}.Release|Any CPU.Build.0 = Release|Any CPU
	EndGlobalSection
	GlobalSection(SolutionProperties) = preSolution
		HideSolutionNode = FALSE
	EndGlobalSection
	GlobalSection(ExtensibilityGlobals) = postSolution
		SolutionGuid = {8788063F-7BBF-4E75-A692-ED8CF602D944}
	EndGlobalSection
EndGlobal
